
Microsoft Visual Studio Solution File, Format Version 12.00
# Visual Studio Version 17
VisualStudioVersion = 17.6.33829.357
MinimumVisualStudioVersion = 10.0.40219.1
Project("{FAE04EC0-301F-11D3-BF4B-00C04F79EFBC}") = "XIIRPL1_14_Ticketing", "XIIRPL1_14_Ticketing\XIIRPL1_14_Ticketing.csproj", "{213ADB2A-16C3-4C3B-888D-1A4241C78ED2}"
EndProject
Global
	GlobalSection(SolutionConfigurationPlatforms) = preSolution
		Debug|Any CPU = Debug|Any CPU
		Release|Any CPU = Release|Any CPU
	EndGlobalSection
	GlobalSection(ProjectConfigurationPlatforms) = postSolution
		{213ADB2A-16C3-4C3B-888D-1A4241C78ED2}.Debug|Any CPU.ActiveCfg = Debug|Any CPU
		{213ADB2A-16C3-4C3B-888D-1A4241C78ED2}.Debug|Any CPU.Build.0 = Debug|Any CPU
		{213ADB2A-16C3-4C3B-888D-1A4241C78ED2}.Release|Any CPU.ActiveCfg = Release|Any CPU
		{213ADB2A-16C3-4C3B-888D-1A4241C78ED2}.Release|Any CPU.Build.0 = Release|Any CPU
	EndGlobalSection
	GlobalSection(SolutionProperties) = preSolution
		HideSolutionNode = FALSE
	EndGlobalSection
	GlobalSection(ExtensibilityGlobals) = postSolution
		SolutionGuid = {B3FA257D-8595-4580-9B5A-7766871ADC5C}
	EndGlobalSection
EndGlobal
